
Microsoft Visual Studio Solution File, Format Version 12.00
# Visual Studio Version 16
VisualStudioVersion = 16.0.29905.134
MinimumVisualStudioVersion = 10.0.40219.1
Project("{2150E333-8FDC-42A3-9474-1A3956D46DE8}") = "Samples", "Samples", "{FF172F14-CECE-4F7A-8B40-002D64B894E8}"
EndProject
Project("{2150E333-8FDC-42A3-9474-1A3956D46DE8}") = "Tests", "Tests", "{F2B314FA-A880-4BD0-A446-E48323B9C22E}"
EndProject
Project("{2150E333-8FDC-42A3-9474-1A3956D46DE8}") = "Infrastructure", "Infrastructure", "{6F124834-E622-4CD8-B4C5-A6C73F611F14}"
EndProject
Project("{2150E333-8FDC-42A3-9474-1A3956D46DE8}") = "Clients", "Clients", "{3FBE66FB-9936-4FA1-A08B-C8E144FCEE22}"
EndProject
Project("{2150E333-8FDC-42A3-9474-1A3956D46DE8}") = "Security", "Security", "{6570FCB1-2DA0-4D36-B126-429030EEFA86}"
EndProject
Project("{2150E333-8FDC-42A3-9474-1A3956D46DE8}") = "Messages", "Messages", "{EB7CEF1C-7C74-4F33-8BBF-3F4874880145}"
EndProject
Project("{2150E333-8FDC-42A3-9474-1A3956D46DE8}") = "Infrastructure", "Infrastructure", "{B07A3618-298A-42A3-B9C6-6D2181D125EE}"
EndProject
Project("{2150E333-8FDC-42A3-9474-1A3956D46DE8}") = "Messages", "Messages", "{5397EB2E-9060-4664-9CC0-DCBFB5939152}"
EndProject
Project("{9A19103F-16F7-4668-BE54-9A1E7A4F7556}") = "ExtenFlow.Messages.AbstractionsTests", "test\Core\Messages\ExtenFlow.Messages.AbstractionsTests\ExtenFlow.Messages.AbstractionsTests.csproj", "{F8BF743F-11DF-44CB-B4A3-EFCE602BF873}"
EndProject
Project("{2150E333-8FDC-42A3-9474-1A3956D46DE8}") = "Identity", "Identity", "{86F38A60-E77B-4002-9A85-8CEDD15C0140}"
EndProject
Project("{2150E333-8FDC-42A3-9474-1A3956D46DE8}") = "Documents", "Documents", "{BBF5054D-08B1-4663-8213-C5358F98DB47}"
	ProjectSection(SolutionItems) = preProject
		..\mkdocs.yml = ..\mkdocs.yml
		..\README.md = ..\README.md
	EndProjectSection
EndProject
Project("{2150E333-8FDC-42A3-9474-1A3956D46DE8}") = "Docs", "Docs", "{0A889E74-C7C6-492A-B0F1-BFF824509C59}"
	ProjectSection(SolutionItems) = preProject
		..\Docs\documentation.md = ..\Docs\documentation.md
	EndProjectSection
EndProject
Project("{2150E333-8FDC-42A3-9474-1A3956D46DE8}") = "_Build", "_Build", "{08DFBCAA-67EE-4B74-A96D-9BAF4BDEBF64}"
	ProjectSection(SolutionItems) = preProject
		..\azure-pipelines.yml = ..\azure-pipelines.yml
		Props\Common.props = Props\Common.props
		props\Common.targets = props\Common.targets
		props\Dependencies.AspNetCore.props = props\Dependencies.AspNetCore.props
		props\Dependencies.props = props\Dependencies.props
		Props\logo-transparent.png = Props\logo-transparent.png
		Props\ManagedNetCore.props = Props\ManagedNetCore.props
		Props\Nuget.props = Props\Nuget.props
	EndProjectSection
EndProject
Project("{2150E333-8FDC-42A3-9474-1A3956D46DE8}") = "Identity", "Identity", "{4DBB4614-3603-4AD8-834E-7FA9C70CE404}"
EndProject
Project("{2150E333-8FDC-42A3-9474-1A3956D46DE8}") = "Solution Items", "Solution Items", "{7231E4E9-48F9-4A13-BCC5-9047C71E7A0E}"
	ProjectSection(SolutionItems) = preProject
		.editorconfig = .editorconfig
	EndProjectSection
EndProject
Project("{9A19103F-16F7-4668-BE54-9A1E7A4F7556}") = "ExtenFlow.Identity.DaprStoreTests", "test\Core\Identity\ExtenFlow.Identity.DaprStoreTests\ExtenFlow.Identity.DaprStoreTests.csproj", "{B05D005F-7835-4854-9A2B-DE2E24C3F01B}"
EndProject
Project("{2150E333-8FDC-42A3-9474-1A3956D46DE8}") = "Services", "Services", "{D9501120-8225-4C15-A2AB-D0C20F593B22}"
EndProject
Project("{9A19103F-16F7-4668-BE54-9A1E7A4F7556}") = "ExtenFlow.Identity.StoreActors", "src\Services\ExtenFlow.Identity.StoreActors\ExtenFlow.Identity.StoreActors.csproj", "{E13C34F6-4EA7-462E-AB3E-D10D02772A95}"
EndProject
Project("{2150E333-8FDC-42A3-9474-1A3956D46DE8}") = "Actors", "Actors", "{CE105CB0-C593-45D2-B372-5C7624FD01EC}"
EndProject
Project("{9A19103F-16F7-4668-BE54-9A1E7A4F7556}") = "ExtenFlow.Actors.Abstractions", "src\Core\Actors\ExtenFlow.Actors.Abstractions\ExtenFlow.Actors.Abstractions.csproj", "{D29D074C-3A04-4BDC-AEE7-726776687F3E}"
EndProject
Project("{9A19103F-16F7-4668-BE54-9A1E7A4F7556}") = "ExtenFlow.Actors", "src\Core\Actors\ExtenFlow.Actors\ExtenFlow.Actors.csproj", "{2C7EBE4A-1E01-4632-A0FD-ECD86380383B}"
EndProject
Project("{2150E333-8FDC-42A3-9474-1A3956D46DE8}") = "Services", "Services", "{97851168-534B-4874-B4CF-416D1A1EFCC2}"
EndProject
Project("{9A19103F-16F7-4668-BE54-9A1E7A4F7556}") = "ExtenFlow.Services.Abstractions", "src\Core\Services\ExtenFlow.Services.Abstractions\ExtenFlow.Services.Abstractions.csproj", "{8CF52AED-F56E-427A-AE79-DA7ED183D9E9}"
EndProject
Project("{9A19103F-16F7-4668-BE54-9A1E7A4F7556}") = "ExtenFlow.Messages.BrighterBroker", "src\Core\Messages\ExtenFlow.Messages.BrighterBroker\ExtenFlow.Messages.BrighterBroker.csproj", "{B06476E8-3E27-4786-8338-568F3F1AF35C}"
EndProject
Project("{2150E333-8FDC-42A3-9474-1A3956D46DE8}") = "Infrastructure", "Infrastructure", "{DE3F634F-310D-4BB8-BF4E-01CFDADAD828}"
EndProject
Project("{9A19103F-16F7-4668-BE54-9A1E7A4F7556}") = "ExtenFlow.Infrastructure.Abstractions", "src\Core\Infrastructure\ExtenFlow.Infrastructure.Abstractions\ExtenFlow.Infrastructure.Abstractions.csproj", "{5D43ACB6-6317-4AE1-9CEA-FB6AF0870D27}"
EndProject
Project("{2150E333-8FDC-42A3-9474-1A3956D46DE8}") = "Actors", "Actors", "{456D8E36-C45A-4E6F-8DFA-26264C70B316}"
EndProject
Project("{9A19103F-16F7-4668-BE54-9A1E7A4F7556}") = "ExtenFlow.Actors.Tests", "test\Core\Actors\ExtenFlow.Actors.Tests\ExtenFlow.Actors.Tests.csproj", "{8DB3896F-AE8D-494E-AE30-FCF4EA941061}"
EndProject
Project("{9A19103F-16F7-4668-BE54-9A1E7A4F7556}") = "ExtenFlow.Identity.Roles", "src\Core\Identity\ExtenFlow.Identity.Roles\ExtenFlow.Identity.Roles.csproj", "{E5D5DE4C-2A38-48AC-8FB5-0D380A425B7A}"
EndProject
Project("{9A19103F-16F7-4668-BE54-9A1E7A4F7556}") = "ExtenFlow.Identity.Roles.Abstractions", "src\Core\Identity\ExtenFlow.Identity.Roles.Abstractions\ExtenFlow.Identity.Roles.Abstractions.csproj", "{4C08D916-4FF8-46D1-8AD4-12C1DFFE4A9A}"
EndProject
Project("{2150E333-8FDC-42A3-9474-1A3956D46DE8}") = "Persistence", "Persistence", "{12A84D95-F5E1-4242-9F5B-C8C59B175209}"
EndProject
Project("{9A19103F-16F7-4668-BE54-9A1E7A4F7556}") = "ExtenFlow.EventStorage.Abstractions", "src\Core\Persistence\ExtenFlow.EventStorage.Abstractions\ExtenFlow.EventStorage.Abstractions.csproj", "{9F4AE31D-5979-45FA-9AE4-370F1BD08AC5}"
EndProject
Project("{9A19103F-16F7-4668-BE54-9A1E7A4F7556}") = "ExtenFlow.EventStorage.GetEventStore", "src\Core\Persistence\ExtenFlow.EventStorage.GetEventStore\ExtenFlow.EventStorage.GetEventStore.csproj", "{EE418A4A-92F6-444F-B9E7-DD0E5281F839}"
EndProject
Project("{2150E333-8FDC-42A3-9474-1A3956D46DE8}") = "Persistence", "Persistence", "{B9F0BED0-CED1-41A7-899E-57964CDF3B56}"
EndProject
Project("{9A19103F-16F7-4668-BE54-9A1E7A4F7556}") = "ExtenFlow.Identity.Roles.AbstractionsTests", "test\Core\Identity\ExtenFlow.Identity.Roles.AbstractionsTests\ExtenFlow.Identity.Roles.AbstractionsTests.csproj", "{7592525F-2FAE-48BF-8176-B929618E028B}"
EndProject
Project("{9A19103F-16F7-4668-BE54-9A1E7A4F7556}") = "ExtenFlow.Identity.RolesTests", "test\Core\Identity\ExtenFlow.Identity.RolesTests\ExtenFlow.Identity.RolesTests.csproj", "{70765F51-3BAC-4F63-AACB-09524020A89D}"
EndProject
Project("{9A19103F-16F7-4668-BE54-9A1E7A4F7556}") = "ExtenFlow.ApplicationDictionary.Abstractions", "src\Core\Infrastructure\ExtenFlow.ApplicationDictionary.Abstractions\ExtenFlow.ApplicationDictionary.Abstractions.csproj", "{05107AB1-1916-4F4E-B212-5E2307F1EF52}"
EndProject
Project("{2150E333-8FDC-42A3-9474-1A3956D46DE8}") = "Infrastructure", "Infrastructure", "{C268A5B5-80F2-439D-BF20-4B1F7CC0E7D9}"
EndProject
Project("{9A19103F-16F7-4668-BE54-9A1E7A4F7556}") = "ExtenFlow.Infrastructure.AbstractionsTests", "test\Core\Infrastructure\ExtenFlow.Infrastructure.AbstractionsTests\ExtenFlow.Infrastructure.AbstractionsTests.csproj", "{7F34FF78-C269-4261-8BC8-DEA8F755AC53}"
EndProject
Project("{9A19103F-16F7-4668-BE54-9A1E7A4F7556}") = "ExtenFlow.Identity.Users.AbstractionsTests", "test\Core\Identity\ExtenFlow.Identity.Users.AbstractionsTests\ExtenFlow.Identity.Users.AbstractionsTests.csproj", "{1761C5A6-9635-4B03-BC35-0FB607904252}"
EndProject
Project("{2150E333-8FDC-42A3-9474-1A3956D46DE8}") = "Domain", "Domain", "{ABDC14E0-BB16-4A2C-9A4C-9582222C7D73}"
EndProject
Project("{9A19103F-16F7-4668-BE54-9A1E7A4F7556}") = "ExtenFlow.Domain.Abstractions", "src\Core\Domain\ExtenFlow.Domain.Abstractions\ExtenFlow.Domain.Abstractions.csproj", "{DE1FFD54-8A07-4442-80A8-A7D8A84AB628}"
EndProject
Project("{9A19103F-16F7-4668-BE54-9A1E7A4F7556}") = "ExtenFlow.EventStorage.Actors", "src\Core\Persistence\ExtenFlow.EventStorage.Actors\ExtenFlow.EventStorage.Actors.csproj", "{3143B8F3-6AB0-47E4-9CB5-E4F9CEA85FF6}"
EndProject
Project("{9A19103F-16F7-4668-BE54-9A1E7A4F7556}") = "ExtenFlow.EventStorage.InMemory", "src\Core\Persistence\ExtenFlow.EventStorage.InMemory\ExtenFlow.EventStorage.InMemory.csproj", "{24638318-7DC0-45AA-B131-369B9AAF81E2}"
EndProject
Project("{9A19103F-16F7-4668-BE54-9A1E7A4F7556}") = "ExtenFlow.EventStorage.Actors.Tests", "test\Core\Persistence\ExtenFlow.EventStorage.Actors.Tests\ExtenFlow.EventStorage.Actors.Tests.csproj", "{6B113F20-C6D8-4A78-AAC0-F82A7ABE4F10}"
EndProject
Project("{9A19103F-16F7-4668-BE54-9A1E7A4F7556}") = "ExtenFlow.EventStorage.InMemory.Tests", "test\Core\Persistence\ExtenFlow.EventStorage.InMemory.Tests\ExtenFlow.EventStorage.InMemory.Tests.csproj", "{8D9D46BC-1768-4E15-9C4C-42C1653E80F7}"
EndProject
Global
	GlobalSection(SolutionConfigurationPlatforms) = preSolution
		Debug|Any CPU = Debug|Any CPU
		Release|Any CPU = Release|Any CPU
	EndGlobalSection
	GlobalSection(ProjectConfigurationPlatforms) = postSolution
		{F8BF743F-11DF-44CB-B4A3-EFCE602BF873}.Debug|Any CPU.ActiveCfg = Debug|Any CPU
		{F8BF743F-11DF-44CB-B4A3-EFCE602BF873}.Debug|Any CPU.Build.0 = Debug|Any CPU
		{F8BF743F-11DF-44CB-B4A3-EFCE602BF873}.Release|Any CPU.ActiveCfg = Release|Any CPU
		{F8BF743F-11DF-44CB-B4A3-EFCE602BF873}.Release|Any CPU.Build.0 = Release|Any CPU
		{B05D005F-7835-4854-9A2B-DE2E24C3F01B}.Debug|Any CPU.ActiveCfg = Debug|Any CPU
		{B05D005F-7835-4854-9A2B-DE2E24C3F01B}.Debug|Any CPU.Build.0 = Debug|Any CPU
		{B05D005F-7835-4854-9A2B-DE2E24C3F01B}.Release|Any CPU.ActiveCfg = Release|Any CPU
		{B05D005F-7835-4854-9A2B-DE2E24C3F01B}.Release|Any CPU.Build.0 = Release|Any CPU
		{E13C34F6-4EA7-462E-AB3E-D10D02772A95}.Debug|Any CPU.ActiveCfg = Debug|Any CPU
		{E13C34F6-4EA7-462E-AB3E-D10D02772A95}.Debug|Any CPU.Build.0 = Debug|Any CPU
		{E13C34F6-4EA7-462E-AB3E-D10D02772A95}.Release|Any CPU.ActiveCfg = Release|Any CPU
		{E13C34F6-4EA7-462E-AB3E-D10D02772A95}.Release|Any CPU.Build.0 = Release|Any CPU
		{D29D074C-3A04-4BDC-AEE7-726776687F3E}.Debug|Any CPU.ActiveCfg = Debug|Any CPU
		{D29D074C-3A04-4BDC-AEE7-726776687F3E}.Debug|Any CPU.Build.0 = Debug|Any CPU
		{D29D074C-3A04-4BDC-AEE7-726776687F3E}.Release|Any CPU.ActiveCfg = Release|Any CPU
		{D29D074C-3A04-4BDC-AEE7-726776687F3E}.Release|Any CPU.Build.0 = Release|Any CPU
		{2C7EBE4A-1E01-4632-A0FD-ECD86380383B}.Debug|Any CPU.ActiveCfg = Debug|Any CPU
		{2C7EBE4A-1E01-4632-A0FD-ECD86380383B}.Debug|Any CPU.Build.0 = Debug|Any CPU
		{2C7EBE4A-1E01-4632-A0FD-ECD86380383B}.Release|Any CPU.ActiveCfg = Release|Any CPU
		{2C7EBE4A-1E01-4632-A0FD-ECD86380383B}.Release|Any CPU.Build.0 = Release|Any CPU
		{8CF52AED-F56E-427A-AE79-DA7ED183D9E9}.Debug|Any CPU.ActiveCfg = Debug|Any CPU
		{8CF52AED-F56E-427A-AE79-DA7ED183D9E9}.Debug|Any CPU.Build.0 = Debug|Any CPU
		{8CF52AED-F56E-427A-AE79-DA7ED183D9E9}.Release|Any CPU.ActiveCfg = Release|Any CPU
		{8CF52AED-F56E-427A-AE79-DA7ED183D9E9}.Release|Any CPU.Build.0 = Release|Any CPU
		{B06476E8-3E27-4786-8338-568F3F1AF35C}.Debug|Any CPU.ActiveCfg = Debug|Any CPU
		{B06476E8-3E27-4786-8338-568F3F1AF35C}.Debug|Any CPU.Build.0 = Debug|Any CPU
		{B06476E8-3E27-4786-8338-568F3F1AF35C}.Release|Any CPU.ActiveCfg = Release|Any CPU
		{B06476E8-3E27-4786-8338-568F3F1AF35C}.Release|Any CPU.Build.0 = Release|Any CPU
		{5D43ACB6-6317-4AE1-9CEA-FB6AF0870D27}.Debug|Any CPU.ActiveCfg = Debug|Any CPU
		{5D43ACB6-6317-4AE1-9CEA-FB6AF0870D27}.Debug|Any CPU.Build.0 = Debug|Any CPU
		{5D43ACB6-6317-4AE1-9CEA-FB6AF0870D27}.Release|Any CPU.ActiveCfg = Release|Any CPU
		{5D43ACB6-6317-4AE1-9CEA-FB6AF0870D27}.Release|Any CPU.Build.0 = Release|Any CPU
		{8DB3896F-AE8D-494E-AE30-FCF4EA941061}.Debug|Any CPU.ActiveCfg = Debug|Any CPU
		{8DB3896F-AE8D-494E-AE30-FCF4EA941061}.Debug|Any CPU.Build.0 = Debug|Any CPU
		{8DB3896F-AE8D-494E-AE30-FCF4EA941061}.Release|Any CPU.ActiveCfg = Release|Any CPU
		{8DB3896F-AE8D-494E-AE30-FCF4EA941061}.Release|Any CPU.Build.0 = Release|Any CPU
		{E5D5DE4C-2A38-48AC-8FB5-0D380A425B7A}.Debug|Any CPU.ActiveCfg = Debug|Any CPU
		{E5D5DE4C-2A38-48AC-8FB5-0D380A425B7A}.Debug|Any CPU.Build.0 = Debug|Any CPU
		{E5D5DE4C-2A38-48AC-8FB5-0D380A425B7A}.Release|Any CPU.ActiveCfg = Release|Any CPU
		{E5D5DE4C-2A38-48AC-8FB5-0D380A425B7A}.Release|Any CPU.Build.0 = Release|Any CPU
		{4C08D916-4FF8-46D1-8AD4-12C1DFFE4A9A}.Debug|Any CPU.ActiveCfg = Debug|Any CPU
		{4C08D916-4FF8-46D1-8AD4-12C1DFFE4A9A}.Debug|Any CPU.Build.0 = Debug|Any CPU
		{4C08D916-4FF8-46D1-8AD4-12C1DFFE4A9A}.Release|Any CPU.ActiveCfg = Release|Any CPU
		{4C08D916-4FF8-46D1-8AD4-12C1DFFE4A9A}.Release|Any CPU.Build.0 = Release|Any CPU
		{9F4AE31D-5979-45FA-9AE4-370F1BD08AC5}.Debug|Any CPU.ActiveCfg = Debug|Any CPU
		{9F4AE31D-5979-45FA-9AE4-370F1BD08AC5}.Debug|Any CPU.Build.0 = Debug|Any CPU
		{9F4AE31D-5979-45FA-9AE4-370F1BD08AC5}.Release|Any CPU.ActiveCfg = Release|Any CPU
		{9F4AE31D-5979-45FA-9AE4-370F1BD08AC5}.Release|Any CPU.Build.0 = Release|Any CPU
		{EE418A4A-92F6-444F-B9E7-DD0E5281F839}.Debug|Any CPU.ActiveCfg = Debug|Any CPU
		{EE418A4A-92F6-444F-B9E7-DD0E5281F839}.Debug|Any CPU.Build.0 = Debug|Any CPU
		{EE418A4A-92F6-444F-B9E7-DD0E5281F839}.Release|Any CPU.ActiveCfg = Release|Any CPU
		{EE418A4A-92F6-444F-B9E7-DD0E5281F839}.Release|Any CPU.Build.0 = Release|Any CPU
		{7592525F-2FAE-48BF-8176-B929618E028B}.Debug|Any CPU.ActiveCfg = Debug|Any CPU
		{7592525F-2FAE-48BF-8176-B929618E028B}.Debug|Any CPU.Build.0 = Debug|Any CPU
		{7592525F-2FAE-48BF-8176-B929618E028B}.Release|Any CPU.ActiveCfg = Release|Any CPU
		{7592525F-2FAE-48BF-8176-B929618E028B}.Release|Any CPU.Build.0 = Release|Any CPU
		{70765F51-3BAC-4F63-AACB-09524020A89D}.Debug|Any CPU.ActiveCfg = Debug|Any CPU
		{70765F51-3BAC-4F63-AACB-09524020A89D}.Debug|Any CPU.Build.0 = Debug|Any CPU
		{70765F51-3BAC-4F63-AACB-09524020A89D}.Release|Any CPU.ActiveCfg = Release|Any CPU
		{70765F51-3BAC-4F63-AACB-09524020A89D}.Release|Any CPU.Build.0 = Release|Any CPU
		{05107AB1-1916-4F4E-B212-5E2307F1EF52}.Debug|Any CPU.ActiveCfg = Debug|Any CPU
		{05107AB1-1916-4F4E-B212-5E2307F1EF52}.Debug|Any CPU.Build.0 = Debug|Any CPU
		{05107AB1-1916-4F4E-B212-5E2307F1EF52}.Release|Any CPU.ActiveCfg = Release|Any CPU
		{05107AB1-1916-4F4E-B212-5E2307F1EF52}.Release|Any CPU.Build.0 = Release|Any CPU
		{7F34FF78-C269-4261-8BC8-DEA8F755AC53}.Debug|Any CPU.ActiveCfg = Debug|Any CPU
		{7F34FF78-C269-4261-8BC8-DEA8F755AC53}.Debug|Any CPU.Build.0 = Debug|Any CPU
		{7F34FF78-C269-4261-8BC8-DEA8F755AC53}.Release|Any CPU.ActiveCfg = Release|Any CPU
		{7F34FF78-C269-4261-8BC8-DEA8F755AC53}.Release|Any CPU.Build.0 = Release|Any CPU
		{1761C5A6-9635-4B03-BC35-0FB607904252}.Debug|Any CPU.ActiveCfg = Debug|Any CPU
		{1761C5A6-9635-4B03-BC35-0FB607904252}.Debug|Any CPU.Build.0 = Debug|Any CPU
		{1761C5A6-9635-4B03-BC35-0FB607904252}.Release|Any CPU.ActiveCfg = Release|Any CPU
		{1761C5A6-9635-4B03-BC35-0FB607904252}.Release|Any CPU.Build.0 = Release|Any CPU
		{DE1FFD54-8A07-4442-80A8-A7D8A84AB628}.Debug|Any CPU.ActiveCfg = Debug|Any CPU
		{DE1FFD54-8A07-4442-80A8-A7D8A84AB628}.Debug|Any CPU.Build.0 = Debug|Any CPU
		{DE1FFD54-8A07-4442-80A8-A7D8A84AB628}.Release|Any CPU.ActiveCfg = Release|Any CPU
		{DE1FFD54-8A07-4442-80A8-A7D8A84AB628}.Release|Any CPU.Build.0 = Release|Any CPU
		{3143B8F3-6AB0-47E4-9CB5-E4F9CEA85FF6}.Debug|Any CPU.ActiveCfg = Debug|Any CPU
		{3143B8F3-6AB0-47E4-9CB5-E4F9CEA85FF6}.Debug|Any CPU.Build.0 = Debug|Any CPU
		{3143B8F3-6AB0-47E4-9CB5-E4F9CEA85FF6}.Release|Any CPU.ActiveCfg = Release|Any CPU
		{3143B8F3-6AB0-47E4-9CB5-E4F9CEA85FF6}.Release|Any CPU.Build.0 = Release|Any CPU
		{24638318-7DC0-45AA-B131-369B9AAF81E2}.Debug|Any CPU.ActiveCfg = Debug|Any CPU
		{24638318-7DC0-45AA-B131-369B9AAF81E2}.Debug|Any CPU.Build.0 = Debug|Any CPU
		{24638318-7DC0-45AA-B131-369B9AAF81E2}.Release|Any CPU.ActiveCfg = Release|Any CPU
		{24638318-7DC0-45AA-B131-369B9AAF81E2}.Release|Any CPU.Build.0 = Release|Any CPU
		{6B113F20-C6D8-4A78-AAC0-F82A7ABE4F10}.Debug|Any CPU.ActiveCfg = Debug|Any CPU
		{6B113F20-C6D8-4A78-AAC0-F82A7ABE4F10}.Debug|Any CPU.Build.0 = Debug|Any CPU
		{6B113F20-C6D8-4A78-AAC0-F82A7ABE4F10}.Release|Any CPU.ActiveCfg = Release|Any CPU
		{6B113F20-C6D8-4A78-AAC0-F82A7ABE4F10}.Release|Any CPU.Build.0 = Release|Any CPU
		{8D9D46BC-1768-4E15-9C4C-42C1653E80F7}.Debug|Any CPU.ActiveCfg = Debug|Any CPU
		{8D9D46BC-1768-4E15-9C4C-42C1653E80F7}.Debug|Any CPU.Build.0 = Debug|Any CPU
		{8D9D46BC-1768-4E15-9C4C-42C1653E80F7}.Release|Any CPU.ActiveCfg = Release|Any CPU
		{8D9D46BC-1768-4E15-9C4C-42C1653E80F7}.Release|Any CPU.Build.0 = Release|Any CPU
	EndGlobalSection
	GlobalSection(SolutionProperties) = preSolution
		HideSolutionNode = FALSE
	EndGlobalSection
	GlobalSection(NestedProjects) = preSolution
		{6570FCB1-2DA0-4D36-B126-429030EEFA86} = {6F124834-E622-4CD8-B4C5-A6C73F611F14}
		{EB7CEF1C-7C74-4F33-8BBF-3F4874880145} = {6F124834-E622-4CD8-B4C5-A6C73F611F14}
		{B07A3618-298A-42A3-B9C6-6D2181D125EE} = {F2B314FA-A880-4BD0-A446-E48323B9C22E}
		{5397EB2E-9060-4664-9CC0-DCBFB5939152} = {B07A3618-298A-42A3-B9C6-6D2181D125EE}
		{F8BF743F-11DF-44CB-B4A3-EFCE602BF873} = {5397EB2E-9060-4664-9CC0-DCBFB5939152}
		{86F38A60-E77B-4002-9A85-8CEDD15C0140} = {B07A3618-298A-42A3-B9C6-6D2181D125EE}
		{0A889E74-C7C6-492A-B0F1-BFF824509C59} = {BBF5054D-08B1-4663-8213-C5358F98DB47}
		{4DBB4614-3603-4AD8-834E-7FA9C70CE404} = {6F124834-E622-4CD8-B4C5-A6C73F611F14}
		{B05D005F-7835-4854-9A2B-DE2E24C3F01B} = {86F38A60-E77B-4002-9A85-8CEDD15C0140}
		{E13C34F6-4EA7-462E-AB3E-D10D02772A95} = {D9501120-8225-4C15-A2AB-D0C20F593B22}
		{CE105CB0-C593-45D2-B372-5C7624FD01EC} = {6F124834-E622-4CD8-B4C5-A6C73F611F14}
		{D29D074C-3A04-4BDC-AEE7-726776687F3E} = {CE105CB0-C593-45D2-B372-5C7624FD01EC}
		{2C7EBE4A-1E01-4632-A0FD-ECD86380383B} = {CE105CB0-C593-45D2-B372-5C7624FD01EC}
		{97851168-534B-4874-B4CF-416D1A1EFCC2} = {6F124834-E622-4CD8-B4C5-A6C73F611F14}
		{8CF52AED-F56E-427A-AE79-DA7ED183D9E9} = {97851168-534B-4874-B4CF-416D1A1EFCC2}
		{B06476E8-3E27-4786-8338-568F3F1AF35C} = {EB7CEF1C-7C74-4F33-8BBF-3F4874880145}
		{DE3F634F-310D-4BB8-BF4E-01CFDADAD828} = {6F124834-E622-4CD8-B4C5-A6C73F611F14}
		{5D43ACB6-6317-4AE1-9CEA-FB6AF0870D27} = {DE3F634F-310D-4BB8-BF4E-01CFDADAD828}
		{456D8E36-C45A-4E6F-8DFA-26264C70B316} = {B07A3618-298A-42A3-B9C6-6D2181D125EE}
		{8DB3896F-AE8D-494E-AE30-FCF4EA941061} = {456D8E36-C45A-4E6F-8DFA-26264C70B316}
		{E5D5DE4C-2A38-48AC-8FB5-0D380A425B7A} = {4DBB4614-3603-4AD8-834E-7FA9C70CE404}
		{4C08D916-4FF8-46D1-8AD4-12C1DFFE4A9A} = {4DBB4614-3603-4AD8-834E-7FA9C70CE404}
		{12A84D95-F5E1-4242-9F5B-C8C59B175209} = {6F124834-E622-4CD8-B4C5-A6C73F611F14}
		{9F4AE31D-5979-45FA-9AE4-370F1BD08AC5} = {12A84D95-F5E1-4242-9F5B-C8C59B175209}
		{EE418A4A-92F6-444F-B9E7-DD0E5281F839} = {12A84D95-F5E1-4242-9F5B-C8C59B175209}
		{B9F0BED0-CED1-41A7-899E-57964CDF3B56} = {B07A3618-298A-42A3-B9C6-6D2181D125EE}
		{7592525F-2FAE-48BF-8176-B929618E028B} = {86F38A60-E77B-4002-9A85-8CEDD15C0140}
		{70765F51-3BAC-4F63-AACB-09524020A89D} = {86F38A60-E77B-4002-9A85-8CEDD15C0140}
		{05107AB1-1916-4F4E-B212-5E2307F1EF52} = {DE3F634F-310D-4BB8-BF4E-01CFDADAD828}
		{C268A5B5-80F2-439D-BF20-4B1F7CC0E7D9} = {B07A3618-298A-42A3-B9C6-6D2181D125EE}
		{7F34FF78-C269-4261-8BC8-DEA8F755AC53} = {C268A5B5-80F2-439D-BF20-4B1F7CC0E7D9}
		{1761C5A6-9635-4B03-BC35-0FB607904252} = {86F38A60-E77B-4002-9A85-8CEDD15C0140}
		{ABDC14E0-BB16-4A2C-9A4C-9582222C7D73} = {6F124834-E622-4CD8-B4C5-A6C73F611F14}
		{DE1FFD54-8A07-4442-80A8-A7D8A84AB628} = {ABDC14E0-BB16-4A2C-9A4C-9582222C7D73}
		{3143B8F3-6AB0-47E4-9CB5-E4F9CEA85FF6} = {12A84D95-F5E1-4242-9F5B-C8C59B175209}
		{24638318-7DC0-45AA-B131-369B9AAF81E2} = {12A84D95-F5E1-4242-9F5B-C8C59B175209}
		{6B113F20-C6D8-4A78-AAC0-F82A7ABE4F10} = {B9F0BED0-CED1-41A7-899E-57964CDF3B56}
		{8D9D46BC-1768-4E15-9C4C-42C1653E80F7} = {B9F0BED0-CED1-41A7-899E-57964CDF3B56}
	EndGlobalSection
	GlobalSection(ExtensibilityGlobals) = postSolution
		SolutionGuid = {B174E5CA-DE64-416A-B7A6-338036C49BF5}
	EndGlobalSection
EndGlobal
