
Microsoft Visual Studio Solution File, Format Version 12.00
# Visual Studio Version 16
VisualStudioVersion = 16.0.29905.134
MinimumVisualStudioVersion = 10.0.40219.1
Project("{2150E333-8FDC-42A3-9474-1A3956D46DE8}") = "Samples", "Samples", "{FF172F14-CECE-4F7A-8B40-002D64B894E8}"
EndProject
Project("{2150E333-8FDC-42A3-9474-1A3956D46DE8}") = "Tests", "Tests", "{F2B314FA-A880-4BD0-A446-E48323B9C22E}"
EndProject
Project("{2150E333-8FDC-42A3-9474-1A3956D46DE8}") = "Infrastructure", "Infrastructure", "{6F124834-E622-4CD8-B4C5-A6C73F611F14}"
EndProject
Project("{2150E333-8FDC-42A3-9474-1A3956D46DE8}") = "Clients", "Clients", "{3FBE66FB-9936-4FA1-A08B-C8E144FCEE22}"
EndProject
Project("{2150E333-8FDC-42A3-9474-1A3956D46DE8}") = "Security", "Security", "{6570FCB1-2DA0-4D36-B126-429030EEFA86}"
EndProject
Project("{2150E333-8FDC-42A3-9474-1A3956D46DE8}") = "Messages", "Messages", "{EB7CEF1C-7C74-4F33-8BBF-3F4874880145}"
EndProject
Project("{2150E333-8FDC-42A3-9474-1A3956D46DE8}") = "Infrastructure", "Infrastructure", "{B07A3618-298A-42A3-B9C6-6D2181D125EE}"
EndProject
Project("{2150E333-8FDC-42A3-9474-1A3956D46DE8}") = "Messages", "Messages", "{5397EB2E-9060-4664-9CC0-DCBFB5939152}"
EndProject
Project("{9A19103F-16F7-4668-BE54-9A1E7A4F7556}") = "ExtenFlow.Messages.AbstractionsTests", "test\Infrastructure\Messages\ExtenFlow.Messages.AbstractionsTests\ExtenFlow.Messages.AbstractionsTests.csproj", "{F8BF743F-11DF-44CB-B4A3-EFCE602BF873}"
EndProject
Project("{2150E333-8FDC-42A3-9474-1A3956D46DE8}") = "Security", "Security", "{86F38A60-E77B-4002-9A85-8CEDD15C0140}"
EndProject
Project("{9A19103F-16F7-4668-BE54-9A1E7A4F7556}") = "ExtenFlow.Security.Users.AbstractionsTests", "test\Infrastructure\Security\ExtenFlow.Security.Users.AbstractionsTests\ExtenFlow.Security.Users.AbstractionsTests.csproj", "{25545D3E-E2BE-441F-AAAF-6BA9B703EEE4}"
EndProject
Project("{9A19103F-16F7-4668-BE54-9A1E7A4F7556}") = "ExtenFlow.Security.DaprStoreTests", "test\Infrastructure\Security\ExtenFlow.Security.DaprStoreTests\ExtenFlow.Security.DaprStoreTests.csproj", "{E2E43C53-D836-4BB8-B5BF-93003A7BB20A}"
EndProject
Project("{2150E333-8FDC-42A3-9474-1A3956D46DE8}") = "Documents", "Documents", "{BBF5054D-08B1-4663-8213-C5358F98DB47}"
	ProjectSection(SolutionItems) = preProject
		..\mkdocs.yml = ..\mkdocs.yml
		..\README.md = ..\README.md
	EndProjectSection
EndProject
Project("{2150E333-8FDC-42A3-9474-1A3956D46DE8}") = "Docs", "Docs", "{0A889E74-C7C6-492A-B0F1-BFF824509C59}"
	ProjectSection(SolutionItems) = preProject
		..\Docs\documentation.md = ..\Docs\documentation.md
	EndProjectSection
EndProject
Project("{9A19103F-16F7-4668-BE54-9A1E7A4F7556}") = "ExtenFlow.Messages.Abstractions", "src\Infrastructure\Messages\ExtenFlow.Messages.Abstractions\ExtenFlow.Messages.Abstractions.csproj", "{5A9ACFBE-B56F-45CE-89AD-BB63CAC11CCA}"
EndProject
Project("{2150E333-8FDC-42A3-9474-1A3956D46DE8}") = "_Build", "_Build", "{08DFBCAA-67EE-4B74-A96D-9BAF4BDEBF64}"
	ProjectSection(SolutionItems) = preProject
		..\azure-pipelines.yml = ..\azure-pipelines.yml
		Props\Common.props = Props\Common.props
		Props\logo-transparent.png = Props\logo-transparent.png
		Props\ManagedNetCore.props = Props\ManagedNetCore.props
		Props\Nuget.props = Props\Nuget.props
	EndProjectSection
EndProject
Project("{2150E333-8FDC-42A3-9474-1A3956D46DE8}") = "Identity", "Identity", "{4DBB4614-3603-4AD8-834E-7FA9C70CE404}"
EndProject
Project("{9A19103F-16F7-4668-BE54-9A1E7A4F7556}") = "ExtenFlow.Identity.DaprActorsStore", "src\Infrastructure\Identity\ExtenFlow.Identity.DaprActorsStore\ExtenFlow.Identity.DaprActorsStore.csproj", "{A27A4A3F-0547-4A47-86D3-6018C42AB424}"
EndProject
Project("{9A19103F-16F7-4668-BE54-9A1E7A4F7556}") = "ExtenFlow.Identity.Abstractions", "src\Infrastructure\Identity\ExtenFlow.Identity.Abstractions\ExtenFlow.Identity.Abstractions.csproj", "{37D1FE3F-47C5-4100-AD27-08D3C063652D}"
EndProject
Global
	GlobalSection(SolutionConfigurationPlatforms) = preSolution
		Debug|Any CPU = Debug|Any CPU
		Release|Any CPU = Release|Any CPU
	EndGlobalSection
	GlobalSection(ProjectConfigurationPlatforms) = postSolution
		{F8BF743F-11DF-44CB-B4A3-EFCE602BF873}.Debug|Any CPU.ActiveCfg = Debug|Any CPU
		{F8BF743F-11DF-44CB-B4A3-EFCE602BF873}.Debug|Any CPU.Build.0 = Debug|Any CPU
		{F8BF743F-11DF-44CB-B4A3-EFCE602BF873}.Release|Any CPU.ActiveCfg = Release|Any CPU
		{F8BF743F-11DF-44CB-B4A3-EFCE602BF873}.Release|Any CPU.Build.0 = Release|Any CPU
		{25545D3E-E2BE-441F-AAAF-6BA9B703EEE4}.Debug|Any CPU.ActiveCfg = Debug|Any CPU
		{25545D3E-E2BE-441F-AAAF-6BA9B703EEE4}.Debug|Any CPU.Build.0 = Debug|Any CPU
		{25545D3E-E2BE-441F-AAAF-6BA9B703EEE4}.Release|Any CPU.ActiveCfg = Release|Any CPU
		{25545D3E-E2BE-441F-AAAF-6BA9B703EEE4}.Release|Any CPU.Build.0 = Release|Any CPU
		{E2E43C53-D836-4BB8-B5BF-93003A7BB20A}.Debug|Any CPU.ActiveCfg = Debug|Any CPU
		{E2E43C53-D836-4BB8-B5BF-93003A7BB20A}.Debug|Any CPU.Build.0 = Debug|Any CPU
		{E2E43C53-D836-4BB8-B5BF-93003A7BB20A}.Release|Any CPU.ActiveCfg = Release|Any CPU
		{E2E43C53-D836-4BB8-B5BF-93003A7BB20A}.Release|Any CPU.Build.0 = Release|Any CPU
		{5A9ACFBE-B56F-45CE-89AD-BB63CAC11CCA}.Debug|Any CPU.ActiveCfg = Debug|Any CPU
		{5A9ACFBE-B56F-45CE-89AD-BB63CAC11CCA}.Debug|Any CPU.Build.0 = Debug|Any CPU
		{5A9ACFBE-B56F-45CE-89AD-BB63CAC11CCA}.Release|Any CPU.ActiveCfg = Release|Any CPU
		{5A9ACFBE-B56F-45CE-89AD-BB63CAC11CCA}.Release|Any CPU.Build.0 = Release|Any CPU
		{A27A4A3F-0547-4A47-86D3-6018C42AB424}.Debug|Any CPU.ActiveCfg = Debug|Any CPU
		{A27A4A3F-0547-4A47-86D3-6018C42AB424}.Debug|Any CPU.Build.0 = Debug|Any CPU
		{A27A4A3F-0547-4A47-86D3-6018C42AB424}.Release|Any CPU.ActiveCfg = Release|Any CPU
		{A27A4A3F-0547-4A47-86D3-6018C42AB424}.Release|Any CPU.Build.0 = Release|Any CPU
		{37D1FE3F-47C5-4100-AD27-08D3C063652D}.Debug|Any CPU.ActiveCfg = Debug|Any CPU
		{37D1FE3F-47C5-4100-AD27-08D3C063652D}.Debug|Any CPU.Build.0 = Debug|Any CPU
		{37D1FE3F-47C5-4100-AD27-08D3C063652D}.Release|Any CPU.ActiveCfg = Release|Any CPU
		{37D1FE3F-47C5-4100-AD27-08D3C063652D}.Release|Any CPU.Build.0 = Release|Any CPU
	EndGlobalSection
	GlobalSection(SolutionProperties) = preSolution
		HideSolutionNode = FALSE
	EndGlobalSection
	GlobalSection(NestedProjects) = preSolution
		{6570FCB1-2DA0-4D36-B126-429030EEFA86} = {6F124834-E622-4CD8-B4C5-A6C73F611F14}
		{EB7CEF1C-7C74-4F33-8BBF-3F4874880145} = {6F124834-E622-4CD8-B4C5-A6C73F611F14}
		{B07A3618-298A-42A3-B9C6-6D2181D125EE} = {F2B314FA-A880-4BD0-A446-E48323B9C22E}
		{5397EB2E-9060-4664-9CC0-DCBFB5939152} = {B07A3618-298A-42A3-B9C6-6D2181D125EE}
		{F8BF743F-11DF-44CB-B4A3-EFCE602BF873} = {5397EB2E-9060-4664-9CC0-DCBFB5939152}
		{86F38A60-E77B-4002-9A85-8CEDD15C0140} = {B07A3618-298A-42A3-B9C6-6D2181D125EE}
		{25545D3E-E2BE-441F-AAAF-6BA9B703EEE4} = {86F38A60-E77B-4002-9A85-8CEDD15C0140}
		{E2E43C53-D836-4BB8-B5BF-93003A7BB20A} = {86F38A60-E77B-4002-9A85-8CEDD15C0140}
		{0A889E74-C7C6-492A-B0F1-BFF824509C59} = {BBF5054D-08B1-4663-8213-C5358F98DB47}
		{5A9ACFBE-B56F-45CE-89AD-BB63CAC11CCA} = {EB7CEF1C-7C74-4F33-8BBF-3F4874880145}
		{4DBB4614-3603-4AD8-834E-7FA9C70CE404} = {6F124834-E622-4CD8-B4C5-A6C73F611F14}
		{A27A4A3F-0547-4A47-86D3-6018C42AB424} = {4DBB4614-3603-4AD8-834E-7FA9C70CE404}
		{37D1FE3F-47C5-4100-AD27-08D3C063652D} = {4DBB4614-3603-4AD8-834E-7FA9C70CE404}
	EndGlobalSection
	GlobalSection(ExtensibilityGlobals) = postSolution
		SolutionGuid = {B174E5CA-DE64-416A-B7A6-338036C49BF5}
	EndGlobalSection
EndGlobal
